
Microsoft Visual Studio Solution File, Format Version 12.00
# Visual Studio 2012
Project("{FAE04EC0-301F-11D3-BF4B-00C04F79EFBC}") = "TextPadEditor", "TextPadEditor\TextPadEditor.csproj", "{BB91463A-5C64-49C4-A509-870802D098B2}"
EndProject
Project("{FAE04EC0-301F-11D3-BF4B-00C04F79EFBC}") = "RTFpad", "RTFpad\RTFpad.csproj", "{A9F01538-81A3-4501-AC54-C7029F8EC82F}"
EndProject
Global
	GlobalSection(SolutionConfigurationPlatforms) = preSolution
		Debug|Any CPU = Debug|Any CPU
		Release|Any CPU = Release|Any CPU
	EndGlobalSection
	GlobalSection(ProjectConfigurationPlatforms) = postSolution
		{BB91463A-5C64-49C4-A509-870802D098B2}.Debug|Any CPU.ActiveCfg = Debug|Any CPU
		{BB91463A-5C64-49C4-A509-870802D098B2}.Debug|Any CPU.Build.0 = Debug|Any CPU
		{BB91463A-5C64-49C4-A509-870802D098B2}.Release|Any CPU.ActiveCfg = Release|Any CPU
		{BB91463A-5C64-49C4-A509-870802D098B2}.Release|Any CPU.Build.0 = Release|Any CPU
		{A9F01538-81A3-4501-AC54-C7029F8EC82F}.Debug|Any CPU.ActiveCfg = Debug|Any CPU
		{A9F01538-81A3-4501-AC54-C7029F8EC82F}.Debug|Any CPU.Build.0 = Debug|Any CPU
		{A9F01538-81A3-4501-AC54-C7029F8EC82F}.Release|Any CPU.ActiveCfg = Release|Any CPU
		{A9F01538-81A3-4501-AC54-C7029F8EC82F}.Release|Any CPU.Build.0 = Release|Any CPU
	EndGlobalSection
	GlobalSection(SolutionProperties) = preSolution
		HideSolutionNode = FALSE
	EndGlobalSection
EndGlobal
